<?xml version="1.0" encoding="utf-8"?>
<Project ToolsVersion="4.0" xmlns="http://schemas.microsoft.com/developer/msbuild/2003">
  <ItemGroup>
    <ClCompile Include="src\Vector.cpp">
      <Filter>source\vector</Filter>
    </ClCompile>
    <ClCompile Include="src\vector_maths_functions.cpp">
      <Filter>source\vector</Filter>
    </ClCompile>
    <ClCompile Include="src\AABB.cpp">
      <Filter>source\shapes</Filter>
    </ClCompile>
    <ClCompile Include="src\Circle.cpp">
      <Filter>source\shapes</Filter>
    </ClCompile>
    <ClCompile Include="src\Corner.cpp">
      <Filter>source\shapes</Filter>
    </ClCompile>
    <ClCompile Include="src\LineSegment.cpp">
      <Filter>source\shapes</Filter>
    </ClCompile>
    <ClCompile Include="src\SegmentsIntersection.cpp">
      <Filter>source\shapes</Filter>
    </ClCompile>
    <ClCompile Include="src\Stopwatch.cpp">
      <Filter>source\utils</Filter>
    </ClCompile>
    <ClCompile Include="main.cpp">
      <Filter>source</Filter>
    </ClCompile>
    <ClCompile Include="src\rng_functions.cpp">
      <Filter>source\rng</Filter>
    </ClCompile>
    <ClCompile Include="src\collision_functions.cpp">
      <Filter>source\collision</Filter>
    </ClCompile>
    <ClCompile Include="src\AABBCollision.cpp">
      <Filter>source\collision</Filter>
    </ClCompile>
  </ItemGroup>
  <ItemGroup>
    <ClInclude Include="src\Vector.h">
      <Filter>source\vector</Filter>
    </ClInclude>
    <ClInclude Include="src\vector_maths_functions.h">
      <Filter>source\vector</Filter>
    </ClInclude>
    <ClInclude Include="src\vector_type_definition.h">
      <Filter>source\vector</Filter>
    </ClInclude>
    <ClInclude Include="src\AABB.h">
      <Filter>source\shapes</Filter>
    </ClInclude>
    <ClInclude Include="src\Circle.h">
      <Filter>source\shapes</Filter>
    </ClInclude>
    <ClInclude Include="src\Corner.h">
      <Filter>source\shapes</Filter>
    </ClInclude>
    <ClInclude Include="src\LineSegment.h">
      <Filter>source\shapes</Filter>
    </ClInclude>
    <ClInclude Include="src\SegmentsIntersection.h">
      <Filter>source\shapes</Filter>
    </ClInclude>
    <ClInclude Include="src\Stopwatch.h">
      <Filter>source\utils</Filter>
    </ClInclude>
    <ClInclude Include="src\Constants.h">
      <Filter>source</Filter>
    </ClInclude>
    <ClInclude Include="src\rng_functions.h">
      <Filter>source\rng</Filter>
    </ClInclude>
    <ClInclude Include="src\collision_functions.h">
      <Filter>source\collision</Filter>
    </ClInclude>
    <ClInclude Include="src\AABBCollision.h">
      <Filter>source\collision</Filter>
    </ClInclude>
    <ClInclude Include="src\CirclesCollision.h">
      <Filter>source\collision</Filter>
    </ClInclude>
    <ClInclude Include="src\CircleAABBCollision.h">
      <Filter>source\collision</Filter>
    </ClInclude>
  </ItemGroup>
  <ItemGroup>
    <Filter Include="source">
      <UniqueIdentifier>{9af15b7b-dd66-4b98-a02c-f6b5f18f2fa3}</UniqueIdentifier>
    </Filter>
    <Filter Include="source\utils">
      <UniqueIdentifier>{3c859d4c-5d80-4cde-aba3-c3665572ace7}</UniqueIdentifier>
    </Filter>
    <Filter Include="source\shapes">
      <UniqueIdentifier>{df1868c7-d2da-43d9-ab74-f231affe66b1}</UniqueIdentifier>
    </Filter>
    <Filter Include="source\vector">
      <UniqueIdentifier>{7ad1ce9e-18c6-419f-90ee-f161d4e66667}</UniqueIdentifier>
    </Filter>
    <Filter Include="source\rng">
      <UniqueIdentifier>{37a6eb04-1696-49e2-8d7c-16c356640ba3}</UniqueIdentifier>
    </Filter>
    <Filter Include="source\collision">
      <UniqueIdentifier>{fd0cbbe1-817e-4fc9-bd35-d4877081e794}</UniqueIdentifier>
    </Filter>
  </ItemGroup>
</Project>